
Microsoft Visual Studio Solution File, Format Version 12.00
# Visual Studio Version 16
VisualStudioVersion = 16.0.30907.101
MinimumVisualStudioVersion = 10.0.40219.1
Project("{FAE04EC0-301F-11D3-BF4B-00C04F79EFBC}") = "TodoAPI", "TodoAPI\TodoAPI.csproj", "{967FBAFA-76E7-4879-91AD-C940816D683B}"
EndProject
Global
	GlobalSection(SolutionConfigurationPlatforms) = preSolution
		Debug|Any CPU = Debug|Any CPU
		Release|Any CPU = Release|Any CPU
	EndGlobalSection
	GlobalSection(ProjectConfigurationPlatforms) = postSolution
		{967FBAFA-76E7-4879-91AD-C940816D683B}.Debug|Any CPU.ActiveCfg = Debug|Any CPU
		{967FBAFA-76E7-4879-91AD-C940816D683B}.Debug|Any CPU.Build.0 = Debug|Any CPU
		{967FBAFA-76E7-4879-91AD-C940816D683B}.Release|Any CPU.ActiveCfg = Release|Any CPU
		{967FBAFA-76E7-4879-91AD-C940816D683B}.Release|Any CPU.Build.0 = Release|Any CPU
	EndGlobalSection
	GlobalSection(SolutionProperties) = preSolution
		HideSolutionNode = FALSE
	EndGlobalSection
	GlobalSection(ExtensibilityGlobals) = postSolution
		SolutionGuid = {3DA41B59-E611-412A-9574-BD9F9031327F}
	EndGlobalSection
EndGlobal
